
Microsoft Visual Studio Solution File, Format Version 12.00
# Visual Studio Version 16
VisualStudioVersion = 16.0.31424.327
MinimumVisualStudioVersion = 10.0.40219.1
Project("{8BC9CEB8-8B4A-11D0-8D11-00A0C91BC942}") = "C_Step_09", "C_Step_09\C_Step_09.vcxproj", "{C3AE9ACD-308F-4882-8B34-AA4E0A77B04C}"
EndProject
Global
	GlobalSection(SolutionConfigurationPlatforms) = preSolution
		Debug|x64 = Debug|x64
		Debug|x86 = Debug|x86
		Release|x64 = Release|x64
		Release|x86 = Release|x86
	EndGlobalSection
	GlobalSection(ProjectConfigurationPlatforms) = postSolution
		{C3AE9ACD-308F-4882-8B34-AA4E0A77B04C}.Debug|x64.ActiveCfg = Debug|x64
		{C3AE9ACD-308F-4882-8B34-AA4E0A77B04C}.Debug|x64.Build.0 = Debug|x64
		{C3AE9ACD-308F-4882-8B34-AA4E0A77B04C}.Debug|x86.ActiveCfg = Debug|Win32
		{C3AE9ACD-308F-4882-8B34-AA4E0A77B04C}.Debug|x86.Build.0 = Debug|Win32
		{C3AE9ACD-308F-4882-8B34-AA4E0A77B04C}.Release|x64.ActiveCfg = Release|x64
		{C3AE9ACD-308F-4882-8B34-AA4E0A77B04C}.Release|x64.Build.0 = Release|x64
		{C3AE9ACD-308F-4882-8B34-AA4E0A77B04C}.Release|x86.ActiveCfg = Release|Win32
		{C3AE9ACD-308F-4882-8B34-AA4E0A77B04C}.Release|x86.Build.0 = Release|Win32
	EndGlobalSection
	GlobalSection(SolutionProperties) = preSolution
		HideSolutionNode = FALSE
	EndGlobalSection
	GlobalSection(ExtensibilityGlobals) = postSolution
		SolutionGuid = {3FF0A3C5-A177-4EB6-B34F-06253BA5DFE6}
	EndGlobalSection
EndGlobal
